// !$*UTF8*$!
{
	archiveVersion = 1;
	classes = {
	};
	objectVersion = 46;
	objects = {
/* Begin PBXBuildFile section */
		0207DA581B56EA530066E2B4 /* Images.xcassets in Resources */ = {isa = PBXBuildFile; fileRef = 0207DA571B56EA530066E2B4 /* Images.xcassets */; };
		1D3623260D0F684500981E51 /* AppDelegate.m in Sources */ = {isa = PBXBuildFile; fileRef = 1D3623250D0F684500981E51 /* AppDelegate.m */; };
		1D60589B0D05DD56006BFB54 /* main.m in Sources */ = {isa = PBXBuildFile; fileRef = 29B97316FDCFA39411CA2CEA /* main.m */; };
		301BF552109A68D80062928A /* libCordova.a in Frameworks */ = {isa = PBXBuildFile; fileRef = 301BF535109A57CC0062928A /* libCordova.a */; };
		302D95F114D2391D003F00A1 /* MainViewController.m in Sources */ = {isa = PBXBuildFile; fileRef = 302D95EF14D2391D003F00A1 /* MainViewController.m */; };
		302D95F214D2391D003F00A1 /* MainViewController.xib in Resources */ = {isa = PBXBuildFile; fileRef = 302D95F014D2391D003F00A1 /* MainViewController.xib */; };
		3047A5121AB8059700498E2A /* build-debug.xcconfig in Resources */ = {isa = PBXBuildFile; fileRef = 3047A50F1AB8059700498E2A /* build-debug.xcconfig */; };
		3047A5131AB8059700498E2A /* build-release.xcconfig in Resources */ = {isa = PBXBuildFile; fileRef = 3047A5101AB8059700498E2A /* build-release.xcconfig */; };
		3047A5141AB8059700498E2A /* build.xcconfig in Resources */ = {isa = PBXBuildFile; fileRef = 3047A5111AB8059700498E2A /* build.xcconfig */; };
		6211F4152D57458B875FFA8F /* CDVLogger.m in Sources */ = {isa = PBXBuildFile; fileRef = 5769CC6B405A47AC88E3E1F2 /* CDVLogger.m */; };
		98E5E296260A48E193FF32B0 /* CDVDevice.m in Sources */ = {isa = PBXBuildFile; fileRef = 3BC5CB766DB04AEF8602E08B /* CDVDevice.m */; };
		62D6C694C95C4409BFE7947F /* CDVSplashScreen.m in Sources */ = {isa = PBXBuildFile; fileRef = D62C4297230046B19D3E23D5 /* CDVSplashScreen.m */; };
		F389925FE6FC474E81A34FDD /* CDVViewController+SplashScreen.m in Sources */ = {isa = PBXBuildFile; fileRef = 25786CA5EEE440069D3ECF53 /* CDVViewController+SplashScreen.m */; };
		E8816824AD684D9981C93E56 /* CDVStatusBar.m in Sources */ = {isa = PBXBuildFile; fileRef = 14CC6B275B2E4858B9162900 /* CDVStatusBar.m */; };
		D7B60201B1B04EC5A7087FA5 /* IonicKeyboard.m in Sources */ = {isa = PBXBuildFile; fileRef = 554D51737A79474D9D0E97A6 /* IonicKeyboard.m */; };
		2328D672B3BE4E4D8200E5F8 /* JPushPlugin.m in Sources */ = {isa = PBXBuildFile; fileRef = 844332D5E830484DBD98DB78 /* JPushPlugin.m */; };
		DFC1A2375345496189D85F63 /* jpush-ios-2.1.9.a in Frameworks */ = {isa = PBXBuildFile; fileRef = 649B0DEA71EF47188B954210 /* jpush-ios-2.1.9.a */; };
		03707A5C50E5435ABFBB2E5B /* AppDelegate+JPush.m in Sources */ = {isa = PBXBuildFile; fileRef = 6DEF16F868034B6DB4A08B1E /* AppDelegate+JPush.m */; };
		2504CA5BB40F43FDBCB742A9 /* PushConfig.plist in Resources */ = {isa = PBXBuildFile; fileRef = F50EFBB0D00347DA83563028 /* PushConfig.plist */; };
		4AC3EA1C9A0942358D95750D /* CFNetwork.framework in Frameworks */ = {isa = PBXBuildFile; fileRef = 1DABCA905ED04891B6EF0F81 /* CFNetwork.framework */; settings = {ATTRIBUTES = (Weak, ); }; };
		65E0C6E6F87041B88F8F1498 /* CoreFoundation.framework in Frameworks */ = {isa = PBXBuildFile; fileRef = 9E1C1277EC6148DC88B41061 /* CoreFoundation.framework */; settings = {ATTRIBUTES = (Weak, ); }; };
		4D11420240A147B0812EA5C0 /* CoreTelephony.framework in Frameworks */ = {isa = PBXBuildFile; fileRef = ECFE5B3FF7104FE39D326683 /* CoreTelephony.framework */; settings = {ATTRIBUTES = (Weak, ); }; };
		C69FB3C6DE5A463683F0FAA2 /* SystemConfiguration.framework in Frameworks */ = {isa = PBXBuildFile; fileRef = B0737C8CE187424A86939212 /* SystemConfiguration.framework */; settings = {ATTRIBUTES = (Weak, ); }; };
		83B6985F7F114D6E87C575E8 /* Foundation.framework in Frameworks */ = {isa = PBXBuildFile; fileRef = 403736A054A24D7CB72EE83A /* Foundation.framework */; settings = {ATTRIBUTES = (Weak, ); }; };
		74159E94AF304C3F992069FE /* UIKit.framework in Frameworks */ = {isa = PBXBuildFile; fileRef = 5C821F14455949FA9F5EE4C8 /* UIKit.framework */; settings = {ATTRIBUTES = (Weak, ); }; };
		6114CB4412D747AF9684C572 /* Security.framework in Frameworks */ = {isa = PBXBuildFile; fileRef = B9B1290E44C142D0A1A30E3E /* Security.framework */; settings = {ATTRIBUTES = (Weak, ); }; };
		CB280C4B76974971A28C6116 /* libz.tbd in Resources */ = {isa = PBXBuildFile; fileRef = EBA9762163DF49D98D3E66C7 /* libz.tbd */; settings = {ATTRIBUTES = (Weak, ); }; };
		B87B4F7D2311482CA292C3DD /* AdSupport.framework in Frameworks */ = {isa = PBXBuildFile; fileRef = 380F752179BB46D8821FA906 /* AdSupport.framework */; settings = {ATTRIBUTES = (Weak, ); }; };
		BC1C16CD5AD949DC9F16F98E /* UserNotifications.framework in Frameworks */ = {isa = PBXBuildFile; fileRef = EF4795A6424042219F3B1FC6 /* UserNotifications.framework */; settings = {ATTRIBUTES = (Weak, ); }; };
		CCBD16F965E64E5D83E47839 /* RongCloudAppEventReceiver.m in Sources */ = {isa = PBXBuildFile; fileRef = 8539D5DFEFAA403E87EFABA2 /* RongCloudAppEventReceiver.m */; };
		7697733CDB0B44969F6161A9 /* RongCloudApplicationHandler.m in Sources */ = {isa = PBXBuildFile; fileRef = 4E30859775464B2FB6736C06 /* RongCloudApplicationHandler.m */; };
		235524670C3C48D7BAFF2E3B /* RongCloudHybridAdapter.m in Sources */ = {isa = PBXBuildFile; fileRef = A93C0E4EC8AD4AB8A90F5932 /* RongCloudHybridAdapter.m */; };
		E9C4F23614C24B39A471A3F5 /* RongCloudLibPlugin.m in Sources */ = {isa = PBXBuildFile; fileRef = 46037D7360B2443688F3857E /* RongCloudLibPlugin.m */; };
		280EABFA9BC04577B2599B59 /* RongCloudModel.m in Sources */ = {isa = PBXBuildFile; fileRef = 88FB4D60677B4C0C8227DB1D /* RongCloudModel.m */; };
		67BD1F37BF074B2A84CCE6B9 /* libopencore-amrnb.a in Frameworks */ = {isa = PBXBuildFile; fileRef = 631E1B9F37204381B1C821F1 /* libopencore-amrnb.a */; };
		672CDD6D2F6744659289912A /* RCConfig.plist in Resources */ = {isa = PBXBuildFile; fileRef = 8933CD31B707479D9CD5EDAE /* RCConfig.plist */; };
		E6843D6C82714F5A90705318 /* RongIMLib.framework in Frameworks */ = {isa = PBXBuildFile; fileRef = 6354F63097FD46B1BFE8C93F /* RongIMLib.framework */; };
		B7E44A12F14D4383AD447BC1 /* ImageIO.framework in Frameworks */ = {isa = PBXBuildFile; fileRef = 90BFDBB0346E412DB0A7CA9A /* ImageIO.framework */; };
		72B1BFB10B25497A87C36AA5 /* MapKit.framework in Frameworks */ = {isa = PBXBuildFile; fileRef = F0BE8B7539A54CA1923A53F1 /* MapKit.framework */; };
		5C79E6FC57D9459D9A22BD0D /* CoreLocation.framework in Frameworks */ = {isa = PBXBuildFile; fileRef = 6D2DDD8D7B344B16BCDA4742 /* CoreLocation.framework */; };
		2555484E6A334FEBA61421CE /* QuartzCore.framework in Frameworks */ = {isa = PBXBuildFile; fileRef = 9638E79A7D5C43D6B8517A33 /* QuartzCore.framework */; };
		35DFB1F7A19A476BBCB6DCB4 /* OpenGLES.framework in Frameworks */ = {isa = PBXBuildFile; fileRef = E847F8A3575845479ED0BBA2 /* OpenGLES.framework */; };
		5E7558FB2D4843D6AE80469C /* CoreVideo.framework in Frameworks */ = {isa = PBXBuildFile; fileRef = A424933F79DC4BB7899461B0 /* CoreVideo.framework */; };
		C7EC785DF48E4BC1BDA75958 /* CoreMedia.framework in Frameworks */ = {isa = PBXBuildFile; fileRef = F891DB58D8E24E69A7DD1FE4 /* CoreMedia.framework */; };
		617266B25CAE4A83AD8C2B9D /* CoreAudio.framework in Frameworks */ = {isa = PBXBuildFile; fileRef = D65BBA8587944030830B7109 /* CoreAudio.framework */; };
		846D0DB34E5D48C3948DE7BF /* AudioToolbox.framework in Frameworks */ = {isa = PBXBuildFile; fileRef = 653708965D0E4D0F8B0669DF /* AudioToolbox.framework */; };
		2F0A9527BE6E48048DF81D81 /* AVFoundation.framework in Frameworks */ = {isa = PBXBuildFile; fileRef = 73A0DBF26A2C4EC294A6154E /* AVFoundation.framework */; };
		122107DEF0C84773AAADCB5C /* libxml2.dylib in Frameworks */ = {isa = PBXBuildFile; fileRef = 8C33E1452DA84C95A40C7A10 /* libxml2.dylib */; };
		B9CB9DF5432843F09D7511B4 /* libz.dylib in Frameworks */ = {isa = PBXBuildFile; fileRef = 0062254F1659461B9D15FF72 /* libz.dylib */; };
		CE044F90458647CB9F341985 /* libstdc++.dylib in Frameworks */ = {isa = PBXBuildFile; fileRef = ABDEB9AA58364A058BFD0DCA /* libstdc++.dylib */; };
		BC46EB6E5CFE433D85894F08 /* libsqlite3.dylib in Frameworks */ = {isa = PBXBuildFile; fileRef = 0DDC66BABFB44C61AF879346 /* libsqlite3.dylib */; };
		A08ED093BC02498D98761BCC /* libc++.dylib in Frameworks */ = {isa = PBXBuildFile; fileRef = A0A9F3475EB24205B958AE5B /* libc++.dylib */; };
		C52BADE089F54D02AE96F443 /* libc++abi.dylib in Frameworks */ = {isa = PBXBuildFile; fileRef = 0CB260FAAE964AC4A4754986 /* libc++abi.dylib */; };
/* End PBXBuildFile section */

/* Begin PBXContainerItemProxy section */
		301BF534109A57CC0062928A /* PBXContainerItemProxy */ = {
			isa = PBXContainerItemProxy;
			containerPortal = 301BF52D109A57CC0062928A /* CordovaLib.xcodeproj */;
			proxyType = 2;
			remoteGlobalIDString = D2AAC07E0554694100DB518D;
			remoteInfo = CordovaLib;
		};
		301BF550109A68C00062928A /* PBXContainerItemProxy */ = {
			isa = PBXContainerItemProxy;
			containerPortal = 301BF52D109A57CC0062928A /* CordovaLib.xcodeproj */;
			proxyType = 1;
			remoteGlobalIDString = D2AAC07D0554694100DB518D;
			remoteInfo = CordovaLib;
		};
/* End PBXContainerItemProxy section */

/* Begin PBXFileReference section */
		0207DA571B56EA530066E2B4 /* Images.xcassets */ = {isa = PBXFileReference; lastKnownFileType = folder.assetcatalog; name = Images.xcassets; path = "cfdk/Images.xcassets"; sourceTree = SOURCE_ROOT; };
		1D3623240D0F684500981E51 /* AppDelegate.h */ = {isa = PBXFileReference; fileEncoding = 4; lastKnownFileType = sourcecode.c.h; path = AppDelegate.h; sourceTree = "<group>"; };
		1D3623250D0F684500981E51 /* AppDelegate.m */ = {isa = PBXFileReference; fileEncoding = 4; lastKnownFileType = sourcecode.c.objc; path = AppDelegate.m; sourceTree = "<group>"; };
		1D6058910D05DD3D006BFB54 /* cfdk.app */ = {isa = PBXFileReference; explicitFileType = wrapper.application; includeInIndex = 0; path = "cfdk.app"; sourceTree = BUILT_PRODUCTS_DIR; };
		29B97316FDCFA39411CA2CEA /* main.m */ = {isa = PBXFileReference; fileEncoding = 4; lastKnownFileType = sourcecode.c.objc; path = main.m; sourceTree = "<group>"; };
		301BF52D109A57CC0062928A /* CordovaLib.xcodeproj */ = {isa = PBXFileReference; lastKnownFileType = "wrapper.pb-project"; name = CordovaLib.xcodeproj; path = CordovaLib/CordovaLib.xcodeproj; sourceTree = "<group>"; };
		301BF56E109A69640062928A /* www */ = {isa = PBXFileReference; lastKnownFileType = folder; path = www; sourceTree = SOURCE_ROOT; };
		302D95EE14D2391D003F00A1 /* MainViewController.h */ = {isa = PBXFileReference; fileEncoding = 4; lastKnownFileType = sourcecode.c.h; path = MainViewController.h; sourceTree = "<group>"; };
		302D95EF14D2391D003F00A1 /* MainViewController.m */ = {isa = PBXFileReference; fileEncoding = 4; lastKnownFileType = sourcecode.c.objc; path = MainViewController.m; sourceTree = "<group>"; };
		302D95F014D2391D003F00A1 /* MainViewController.xib */ = {isa = PBXFileReference; fileEncoding = 4; lastKnownFileType = file.xib; path = MainViewController.xib; sourceTree = "<group>"; };
		3047A50F1AB8059700498E2A /* build-debug.xcconfig */ = {isa = PBXFileReference; fileEncoding = 4; lastKnownFileType = text.xcconfig; name = "build-debug.xcconfig"; path = cordova/build-debug.xcconfig; sourceTree = SOURCE_ROOT; };
		3047A5101AB8059700498E2A /* build-release.xcconfig */ = {isa = PBXFileReference; fileEncoding = 4; lastKnownFileType = text.xcconfig; name = "build-release.xcconfig"; path = cordova/build-release.xcconfig; sourceTree = SOURCE_ROOT; };
		3047A5111AB8059700498E2A /* build.xcconfig */ = {isa = PBXFileReference; fileEncoding = 4; lastKnownFileType = text.xcconfig; name = build.xcconfig; path = cordova/build.xcconfig; sourceTree = SOURCE_ROOT; };
		32CA4F630368D1EE00C91783 /* cfdk-Prefix.pch */ = {isa = PBXFileReference; fileEncoding = 4; lastKnownFileType = sourcecode.c.h; path = "cfdk-Prefix.pch"; sourceTree = "<group>"; };
		8D1107310486CEB800E47090 /* cfdk-Info.plist */ = {isa = PBXFileReference; fileEncoding = 4; lastKnownFileType = text.plist.xml; name = "cfdk-Info.plist"; path = "cfdk/cfdk-Info.plist"; plistStructureDefinitionIdentifier = "com.apple.xcode.plist.structure-definition.iphone.info-plist"; sourceTree = SOURCE_ROOT; };
		EB87FDF31871DA8E0020F90C /* www */ = {isa = PBXFileReference; lastKnownFileType = folder; name = www; path = ../../www; sourceTree = "<group>"; };
		EB87FDF41871DAF40020F90C /* config.xml */ = {isa = PBXFileReference; lastKnownFileType = text.xml; name = config.xml; path = ../../config.xml; sourceTree = "<group>"; };
		F840E1F0165FE0F500CFE078 /* config.xml */ = {isa = PBXFileReference; lastKnownFileType = text.xml; name = config.xml; path = "cfdk/config.xml"; sourceTree = "<group>"; };
		ED33DF2A687741AEAF9F8254 /* Bridging-Header.h */ = {isa = PBXFileReference; fileEncoding = 4; lastKnownFileType = sourcecode.c.h; name = "Bridging-Header.h"; path = "Bridging-Header.h"; sourceTree = "<group>"; };
		5769CC6B405A47AC88E3E1F2 /* CDVLogger.m */ = {isa = PBXFileReference; name = "CDVLogger.m"; path = "cordova-plugin-console/CDVLogger.m"; sourceTree = "<group>"; fileEncoding = 4; lastKnownFileType = sourcecode.c.objc; explicitFileType = undefined; includeInIndex = 0; };
		8FD3B86456DB42B9BB54ACB5 /* CDVLogger.h */ = {isa = PBXFileReference; name = "CDVLogger.h"; path = "cordova-plugin-console/CDVLogger.h"; sourceTree = "<group>"; fileEncoding = 4; lastKnownFileType = sourcecode.c.h; explicitFileType = undefined; includeInIndex = 0; };
		3BC5CB766DB04AEF8602E08B /* CDVDevice.m */ = {isa = PBXFileReference; name = "CDVDevice.m"; path = "cordova-plugin-device/CDVDevice.m"; sourceTree = "<group>"; fileEncoding = 4; lastKnownFileType = sourcecode.c.objc; explicitFileType = undefined; includeInIndex = 0; };
		994B004B47E64AED95965778 /* CDVDevice.h */ = {isa = PBXFileReference; name = "CDVDevice.h"; path = "cordova-plugin-device/CDVDevice.h"; sourceTree = "<group>"; fileEncoding = 4; lastKnownFileType = sourcecode.c.h; explicitFileType = undefined; includeInIndex = 0; };
		D62C4297230046B19D3E23D5 /* CDVSplashScreen.m */ = {isa = PBXFileReference; name = "CDVSplashScreen.m"; path = "cordova-plugin-splashscreen/CDVSplashScreen.m"; sourceTree = "<group>"; fileEncoding = 4; lastKnownFileType = sourcecode.c.objc; explicitFileType = undefined; includeInIndex = 0; };
		25786CA5EEE440069D3ECF53 /* CDVViewController+SplashScreen.m */ = {isa = PBXFileReference; name = "CDVViewController+SplashScreen.m"; path = "cordova-plugin-splashscreen/CDVViewController+SplashScreen.m"; sourceTree = "<group>"; fileEncoding = 4; lastKnownFileType = sourcecode.c.objc; explicitFileType = undefined; includeInIndex = 0; };
		860E1C48CF6E4A1E8AF81F3F /* CDVSplashScreen.h */ = {isa = PBXFileReference; name = "CDVSplashScreen.h"; path = "cordova-plugin-splashscreen/CDVSplashScreen.h"; sourceTree = "<group>"; fileEncoding = 4; lastKnownFileType = sourcecode.c.h; explicitFileType = undefined; includeInIndex = 0; };
		3C323EB666C348C4B02305B9 /* CDVViewController+SplashScreen.h */ = {isa = PBXFileReference; name = "CDVViewController+SplashScreen.h"; path = "cordova-plugin-splashscreen/CDVViewController+SplashScreen.h"; sourceTree = "<group>"; fileEncoding = 4; lastKnownFileType = sourcecode.c.h; explicitFileType = undefined; includeInIndex = 0; };
		14CC6B275B2E4858B9162900 /* CDVStatusBar.m */ = {isa = PBXFileReference; name = "CDVStatusBar.m"; path = "cordova-plugin-statusbar/CDVStatusBar.m"; sourceTree = "<group>"; fileEncoding = 4; lastKnownFileType = sourcecode.c.objc; explicitFileType = undefined; includeInIndex = 0; };
		64F4A4E7D08545C387DBA4CC /* CDVStatusBar.h */ = {isa = PBXFileReference; name = "CDVStatusBar.h"; path = "cordova-plugin-statusbar/CDVStatusBar.h"; sourceTree = "<group>"; fileEncoding = 4; lastKnownFileType = sourcecode.c.h; explicitFileType = undefined; includeInIndex = 0; };
		554D51737A79474D9D0E97A6 /* IonicKeyboard.m */ = {isa = PBXFileReference; name = "IonicKeyboard.m"; path = "ionic-plugin-keyboard/IonicKeyboard.m"; sourceTree = "<group>"; fileEncoding = 4; lastKnownFileType = sourcecode.c.objc; explicitFileType = undefined; includeInIndex = 0; };
		71B01E448EA04519ABECF103 /* IonicKeyboard.h */ = {isa = PBXFileReference; name = "IonicKeyboard.h"; path = "ionic-plugin-keyboard/IonicKeyboard.h"; sourceTree = "<group>"; fileEncoding = 4; lastKnownFileType = sourcecode.c.h; explicitFileType = undefined; includeInIndex = 0; };
		844332D5E830484DBD98DB78 /* JPushPlugin.m */ = {isa = PBXFileReference; name = "JPushPlugin.m"; path = "jpush-phonegap-plugin/JPushPlugin.m"; sourceTree = "<group>"; fileEncoding = 4; lastKnownFileType = sourcecode.c.objc; explicitFileType = undefined; includeInIndex = 0; };
		649B0DEA71EF47188B954210 /* jpush-ios-2.1.9.a */ = {isa = PBXFileReference; name = "jpush-ios-2.1.9.a"; path = "cfdk/Plugins/jpush-phonegap-plugin/jpush-ios-2.1.9.a"; sourceTree = "<group>"; fileEncoding = undefined; lastKnownFileType = archive.ar; explicitFileType = undefined; includeInIndex = 0; };
		6DEF16F868034B6DB4A08B1E /* AppDelegate+JPush.m */ = {isa = PBXFileReference; name = "AppDelegate+JPush.m"; path = "jpush-phonegap-plugin/AppDelegate+JPush.m"; sourceTree = "<group>"; fileEncoding = 4; lastKnownFileType = sourcecode.c.objc; explicitFileType = undefined; includeInIndex = 0; };
		3EC9B0C033CF42A7AF711B8E /* JPushPlugin.h */ = {isa = PBXFileReference; name = "JPushPlugin.h"; path = "jpush-phonegap-plugin/JPushPlugin.h"; sourceTree = "<group>"; fileEncoding = 4; lastKnownFileType = sourcecode.c.h; explicitFileType = undefined; includeInIndex = 0; };
		D2E24AC8FEED405681F95174 /* JPUSHService.h */ = {isa = PBXFileReference; name = "JPUSHService.h"; path = "jpush-phonegap-plugin/JPUSHService.h"; sourceTree = "<group>"; fileEncoding = 4; lastKnownFileType = sourcecode.c.h; explicitFileType = undefined; includeInIndex = 0; };
		88DD63E9583540B6A3B9CCF6 /* AppDelegate+JPush.h */ = {isa = PBXFileReference; name = "AppDelegate+JPush.h"; path = "jpush-phonegap-plugin/AppDelegate+JPush.h"; sourceTree = "<group>"; fileEncoding = 4; lastKnownFileType = sourcecode.c.h; explicitFileType = undefined; includeInIndex = 0; };
		F50EFBB0D00347DA83563028 /* PushConfig.plist */ = {isa = PBXFileReference; name = "PushConfig.plist"; path = "PushConfig.plist"; sourceTree = "<group>"; fileEncoding = 4; lastKnownFileType = text.plist.xml; explicitFileType = undefined; includeInIndex = 0; };
		1DABCA905ED04891B6EF0F81 /* CFNetwork.framework */ = {isa = PBXFileReference; name = "CFNetwork.framework"; path = "System/Library/Frameworks/CFNetwork.framework"; sourceTree = SDKROOT; fileEncoding = undefined; lastKnownFileType = wrapper.framework; explicitFileType = undefined; includeInIndex = 0; };
		9E1C1277EC6148DC88B41061 /* CoreFoundation.framework */ = {isa = PBXFileReference; name = "CoreFoundation.framework"; path = "System/Library/Frameworks/CoreFoundation.framework"; sourceTree = SDKROOT; fileEncoding = undefined; lastKnownFileType = wrapper.framework; explicitFileType = undefined; includeInIndex = 0; };
		ECFE5B3FF7104FE39D326683 /* CoreTelephony.framework */ = {isa = PBXFileReference; name = "CoreTelephony.framework"; path = "System/Library/Frameworks/CoreTelephony.framework"; sourceTree = SDKROOT; fileEncoding = undefined; lastKnownFileType = wrapper.framework; explicitFileType = undefined; includeInIndex = 0; };
		B0737C8CE187424A86939212 /* SystemConfiguration.framework */ = {isa = PBXFileReference; name = "SystemConfiguration.framework"; path = "System/Library/Frameworks/SystemConfiguration.framework"; sourceTree = SDKROOT; fileEncoding = undefined; lastKnownFileType = wrapper.framework; explicitFileType = undefined; includeInIndex = 0; };
		403736A054A24D7CB72EE83A /* Foundation.framework */ = {isa = PBXFileReference; name = "Foundation.framework"; path = "System/Library/Frameworks/Foundation.framework"; sourceTree = SDKROOT; fileEncoding = undefined; lastKnownFileType = wrapper.framework; explicitFileType = undefined; includeInIndex = 0; };
		5C821F14455949FA9F5EE4C8 /* UIKit.framework */ = {isa = PBXFileReference; name = "UIKit.framework"; path = "System/Library/Frameworks/UIKit.framework"; sourceTree = SDKROOT; fileEncoding = undefined; lastKnownFileType = wrapper.framework; explicitFileType = undefined; includeInIndex = 0; };
		B9B1290E44C142D0A1A30E3E /* Security.framework */ = {isa = PBXFileReference; name = "Security.framework"; path = "System/Library/Frameworks/Security.framework"; sourceTree = SDKROOT; fileEncoding = undefined; lastKnownFileType = wrapper.framework; explicitFileType = undefined; includeInIndex = 0; };
		EBA9762163DF49D98D3E66C7 /* libz.tbd */ = {isa = PBXFileReference; name = "libz.tbd"; path = "libz.tbd"; sourceTree = "<group>"; fileEncoding = undefined; lastKnownFileType = unknown; explicitFileType = undefined; includeInIndex = 0; };
		380F752179BB46D8821FA906 /* AdSupport.framework */ = {isa = PBXFileReference; name = "AdSupport.framework"; path = "System/Library/Frameworks/AdSupport.framework"; sourceTree = SDKROOT; fileEncoding = undefined; lastKnownFileType = wrapper.framework; explicitFileType = undefined; includeInIndex = 0; };
		EF4795A6424042219F3B1FC6 /* UserNotifications.framework */ = {isa = PBXFileReference; name = "UserNotifications.framework"; path = "System/Library/Frameworks/UserNotifications.framework"; sourceTree = SDKROOT; fileEncoding = undefined; lastKnownFileType = wrapper.framework; explicitFileType = undefined; includeInIndex = 0; };
		8539D5DFEFAA403E87EFABA2 /* RongCloudAppEventReceiver.m */ = {isa = PBXFileReference; name = "RongCloudAppEventReceiver.m"; path = "io.rong.imlib/src/ios/RongCloudAppEventReceiver.m"; sourceTree = "<group>"; fileEncoding = 4; lastKnownFileType = sourcecode.c.objc; explicitFileType = undefined; includeInIndex = 0; };
		4E30859775464B2FB6736C06 /* RongCloudApplicationHandler.m */ = {isa = PBXFileReference; name = "RongCloudApplicationHandler.m"; path = "io.rong.imlib/src/ios/RongCloudApplicationHandler.m"; sourceTree = "<group>"; fileEncoding = 4; lastKnownFileType = sourcecode.c.objc; explicitFileType = undefined; includeInIndex = 0; };
		A93C0E4EC8AD4AB8A90F5932 /* RongCloudHybridAdapter.m */ = {isa = PBXFileReference; name = "RongCloudHybridAdapter.m"; path = "io.rong.imlib/src/ios/RongCloudHybridAdapter.m"; sourceTree = "<group>"; fileEncoding = 4; lastKnownFileType = sourcecode.c.objc; explicitFileType = undefined; includeInIndex = 0; };
		46037D7360B2443688F3857E /* RongCloudLibPlugin.m */ = {isa = PBXFileReference; name = "RongCloudLibPlugin.m"; path = "io.rong.imlib/src/ios/RongCloudLibPlugin.m"; sourceTree = "<group>"; fileEncoding = 4; lastKnownFileType = sourcecode.c.objc; explicitFileType = undefined; includeInIndex = 0; };
		88FB4D60677B4C0C8227DB1D /* RongCloudModel.m */ = {isa = PBXFileReference; name = "RongCloudModel.m"; path = "io.rong.imlib/src/ios/RongCloudModel.m"; sourceTree = "<group>"; fileEncoding = 4; lastKnownFileType = sourcecode.c.objc; explicitFileType = undefined; includeInIndex = 0; };
		631E1B9F37204381B1C821F1 /* libopencore-amrnb.a */ = {isa = PBXFileReference; name = "libopencore-amrnb.a"; path = "cfdk/Plugins/io.rong.imlib/libopencore-amrnb.a"; sourceTree = "<group>"; fileEncoding = undefined; lastKnownFileType = archive.ar; explicitFileType = undefined; includeInIndex = 0; };
		00AECFC9A26C477FB89DEB2F /* RongCloudAppEventReceiver.h */ = {isa = PBXFileReference; name = "RongCloudAppEventReceiver.h"; path = "io.rong.imlib/src/ios/RongCloudAppEventReceiver.h"; sourceTree = "<group>"; fileEncoding = 4; lastKnownFileType = sourcecode.c.h; explicitFileType = undefined; includeInIndex = 0; };
		E65163CC15E64F84960ECAC6 /* RongCloudApplicationHandler.h */ = {isa = PBXFileReference; name = "RongCloudApplicationHandler.h"; path = "io.rong.imlib/src/ios/RongCloudApplicationHandler.h"; sourceTree = "<group>"; fileEncoding = 4; lastKnownFileType = sourcecode.c.h; explicitFileType = undefined; includeInIndex = 0; };
		64757886B0524103B1D16FFD /* RongCloudHybridAdapter.h */ = {isa = PBXFileReference; name = "RongCloudHybridAdapter.h"; path = "io.rong.imlib/src/ios/RongCloudHybridAdapter.h"; sourceTree = "<group>"; fileEncoding = 4; lastKnownFileType = sourcecode.c.h; explicitFileType = undefined; includeInIndex = 0; };
		46F27030DF7549669CA91DF2 /* RongCloudConstant.h */ = {isa = PBXFileReference; name = "RongCloudConstant.h"; path = "io.rong.imlib/src/ios/RongCloudConstant.h"; sourceTree = "<group>"; fileEncoding = 4; lastKnownFileType = sourcecode.c.h; explicitFileType = undefined; includeInIndex = 0; };
		0187B5F578F24A60A57357F7 /* RongCloudLibPlugin.h */ = {isa = PBXFileReference; name = "RongCloudLibPlugin.h"; path = "io.rong.imlib/src/ios/RongCloudLibPlugin.h"; sourceTree = "<group>"; fileEncoding = 4; lastKnownFileType = sourcecode.c.h; explicitFileType = undefined; includeInIndex = 0; };
		B30FF5C3840641198C90EC8D /* RongCloudModel.h */ = {isa = PBXFileReference; name = "RongCloudModel.h"; path = "io.rong.imlib/src/ios/RongCloudModel.h"; sourceTree = "<group>"; fileEncoding = 4; lastKnownFileType = sourcecode.c.h; explicitFileType = undefined; includeInIndex = 0; };
		8933CD31B707479D9CD5EDAE /* RCConfig.plist */ = {isa = PBXFileReference; name = "RCConfig.plist"; path = "RCConfig.plist"; sourceTree = "<group>"; fileEncoding = 4; lastKnownFileType = text.plist.xml; explicitFileType = undefined; includeInIndex = 0; };
		6354F63097FD46B1BFE8C93F /* RongIMLib.framework */ = {isa = PBXFileReference; name = "RongIMLib.framework"; path = "cfdk/Plugins/io.rong.imlib/RongIMLib.framework"; sourceTree = "<group>"; fileEncoding = undefined; lastKnownFileType = wrapper.framework; explicitFileType = undefined; includeInIndex = 0; };
		90BFDBB0346E412DB0A7CA9A /* ImageIO.framework */ = {isa = PBXFileReference; name = "ImageIO.framework"; path = "System/Library/Frameworks/ImageIO.framework"; sourceTree = SDKROOT; fileEncoding = undefined; lastKnownFileType = wrapper.framework; explicitFileType = undefined; includeInIndex = 0; };
		F0BE8B7539A54CA1923A53F1 /* MapKit.framework */ = {isa = PBXFileReference; name = "MapKit.framework"; path = "System/Library/Frameworks/MapKit.framework"; sourceTree = SDKROOT; fileEncoding = undefined; lastKnownFileType = wrapper.framework; explicitFileType = undefined; includeInIndex = 0; };
		6D2DDD8D7B344B16BCDA4742 /* CoreLocation.framework */ = {isa = PBXFileReference; name = "CoreLocation.framework"; path = "System/Library/Frameworks/CoreLocation.framework"; sourceTree = SDKROOT; fileEncoding = undefined; lastKnownFileType = wrapper.framework; explicitFileType = undefined; includeInIndex = 0; };
		9638E79A7D5C43D6B8517A33 /* QuartzCore.framework */ = {isa = PBXFileReference; name = "QuartzCore.framework"; path = "System/Library/Frameworks/QuartzCore.framework"; sourceTree = SDKROOT; fileEncoding = undefined; lastKnownFileType = wrapper.framework; explicitFileType = undefined; includeInIndex = 0; };
		E847F8A3575845479ED0BBA2 /* OpenGLES.framework */ = {isa = PBXFileReference; name = "OpenGLES.framework"; path = "System/Library/Frameworks/OpenGLES.framework"; sourceTree = SDKROOT; fileEncoding = undefined; lastKnownFileType = wrapper.framework; explicitFileType = undefined; includeInIndex = 0; };
		A424933F79DC4BB7899461B0 /* CoreVideo.framework */ = {isa = PBXFileReference; name = "CoreVideo.framework"; path = "System/Library/Frameworks/CoreVideo.framework"; sourceTree = SDKROOT; fileEncoding = undefined; lastKnownFileType = wrapper.framework; explicitFileType = undefined; includeInIndex = 0; };
		F891DB58D8E24E69A7DD1FE4 /* CoreMedia.framework */ = {isa = PBXFileReference; name = "CoreMedia.framework"; path = "System/Library/Frameworks/CoreMedia.framework"; sourceTree = SDKROOT; fileEncoding = undefined; lastKnownFileType = wrapper.framework; explicitFileType = undefined; includeInIndex = 0; };
		D65BBA8587944030830B7109 /* CoreAudio.framework */ = {isa = PBXFileReference; name = "CoreAudio.framework"; path = "System/Library/Frameworks/CoreAudio.framework"; sourceTree = SDKROOT; fileEncoding = undefined; lastKnownFileType = wrapper.framework; explicitFileType = undefined; includeInIndex = 0; };
		653708965D0E4D0F8B0669DF /* AudioToolbox.framework */ = {isa = PBXFileReference; name = "AudioToolbox.framework"; path = "System/Library/Frameworks/AudioToolbox.framework"; sourceTree = SDKROOT; fileEncoding = undefined; lastKnownFileType = wrapper.framework; explicitFileType = undefined; includeInIndex = 0; };
		73A0DBF26A2C4EC294A6154E /* AVFoundation.framework */ = {isa = PBXFileReference; name = "AVFoundation.framework"; path = "System/Library/Frameworks/AVFoundation.framework"; sourceTree = SDKROOT; fileEncoding = undefined; lastKnownFileType = wrapper.framework; explicitFileType = undefined; includeInIndex = 0; };
		8C33E1452DA84C95A40C7A10 /* libxml2.dylib */ = {isa = PBXFileReference; name = "libxml2.dylib"; path = "usr/lib/libxml2.dylib"; sourceTree = SDKROOT; fileEncoding = undefined; lastKnownFileType = compiled.mach-o.dylib; explicitFileType = undefined; includeInIndex = 0; };
		0062254F1659461B9D15FF72 /* libz.dylib */ = {isa = PBXFileReference; name = "libz.dylib"; path = "usr/lib/libz.dylib"; sourceTree = SDKROOT; fileEncoding = undefined; lastKnownFileType = compiled.mach-o.dylib; explicitFileType = undefined; includeInIndex = 0; };
		ABDEB9AA58364A058BFD0DCA /* libstdc++.dylib */ = {isa = PBXFileReference; name = "libstdc++.dylib"; path = "usr/lib/libstdc++.dylib"; sourceTree = SDKROOT; fileEncoding = undefined; lastKnownFileType = compiled.mach-o.dylib; explicitFileType = undefined; includeInIndex = 0; };
		0DDC66BABFB44C61AF879346 /* libsqlite3.dylib */ = {isa = PBXFileReference; name = "libsqlite3.dylib"; path = "usr/lib/libsqlite3.dylib"; sourceTree = SDKROOT; fileEncoding = undefined; lastKnownFileType = compiled.mach-o.dylib; explicitFileType = undefined; includeInIndex = 0; };
		A0A9F3475EB24205B958AE5B /* libc++.dylib */ = {isa = PBXFileReference; name = "libc++.dylib"; path = "usr/lib/libc++.dylib"; sourceTree = SDKROOT; fileEncoding = undefined; lastKnownFileType = compiled.mach-o.dylib; explicitFileType = undefined; includeInIndex = 0; };
		0CB260FAAE964AC4A4754986 /* libc++abi.dylib */ = {isa = PBXFileReference; name = "libc++abi.dylib"; path = "usr/lib/libc++abi.dylib"; sourceTree = SDKROOT; fileEncoding = undefined; lastKnownFileType = compiled.mach-o.dylib; explicitFileType = undefined; includeInIndex = 0; };
/* End PBXFileReference section */

/* Begin PBXFrameworksBuildPhase section */
		1D60588F0D05DD3D006BFB54 /* Frameworks */ = {
			isa = PBXFrameworksBuildPhase;
			buildActionMask = 2147483647;
			files = (
				301BF552109A68D80062928A /* libCordova.a in Frameworks */,
				DFC1A2375345496189D85F63 /* jpush-ios-2.1.9.a in Frameworks */,
				4AC3EA1C9A0942358D95750D /* CFNetwork.framework in Frameworks */,
				65E0C6E6F87041B88F8F1498 /* CoreFoundation.framework in Frameworks */,
				4D11420240A147B0812EA5C0 /* CoreTelephony.framework in Frameworks */,
				C69FB3C6DE5A463683F0FAA2 /* SystemConfiguration.framework in Frameworks */,
				83B6985F7F114D6E87C575E8 /* Foundation.framework in Frameworks */,
				74159E94AF304C3F992069FE /* UIKit.framework in Frameworks */,
				6114CB4412D747AF9684C572 /* Security.framework in Frameworks */,
				CB280C4B76974971A28C6116 /* libz.tbd in Resources */,
				B87B4F7D2311482CA292C3DD /* AdSupport.framework in Frameworks */,
				BC1C16CD5AD949DC9F16F98E /* UserNotifications.framework in Frameworks */,
				67BD1F37BF074B2A84CCE6B9 /* libopencore-amrnb.a in Frameworks */,
				E6843D6C82714F5A90705318 /* RongIMLib.framework in Frameworks */,
				B7E44A12F14D4383AD447BC1 /* ImageIO.framework in Frameworks */,
				72B1BFB10B25497A87C36AA5 /* MapKit.framework in Frameworks */,
				5C79E6FC57D9459D9A22BD0D /* CoreLocation.framework in Frameworks */,
				2555484E6A334FEBA61421CE /* QuartzCore.framework in Frameworks */,
				35DFB1F7A19A476BBCB6DCB4 /* OpenGLES.framework in Frameworks */,
				5E7558FB2D4843D6AE80469C /* CoreVideo.framework in Frameworks */,
				C7EC785DF48E4BC1BDA75958 /* CoreMedia.framework in Frameworks */,
				617266B25CAE4A83AD8C2B9D /* CoreAudio.framework in Frameworks */,
				846D0DB34E5D48C3948DE7BF /* AudioToolbox.framework in Frameworks */,
				2F0A9527BE6E48048DF81D81 /* AVFoundation.framework in Frameworks */,
				122107DEF0C84773AAADCB5C /* libxml2.dylib in Frameworks */,
				B9CB9DF5432843F09D7511B4 /* libz.dylib in Frameworks */,
				CE044F90458647CB9F341985 /* libstdc++.dylib in Frameworks */,
				BC46EB6E5CFE433D85894F08 /* libsqlite3.dylib in Frameworks */,
				A08ED093BC02498D98761BCC /* libc++.dylib in Frameworks */,
				C52BADE089F54D02AE96F443 /* libc++abi.dylib in Frameworks */,
			);
			runOnlyForDeploymentPostprocessing = 0;
		};
/* End PBXFrameworksBuildPhase section */

/* Begin PBXGroup section */
		080E96DDFE201D6D7F000001 /* Classes */ = {
			isa = PBXGroup;
			children = (
				302D95EE14D2391D003F00A1 /* MainViewController.h */,
				302D95EF14D2391D003F00A1 /* MainViewController.m */,
				302D95F014D2391D003F00A1 /* MainViewController.xib */,
				1D3623240D0F684500981E51 /* AppDelegate.h */,
				1D3623250D0F684500981E51 /* AppDelegate.m */,
			);
			name = Classes;
			path = "cfdk/Classes";
			sourceTree = SOURCE_ROOT;
		};
		19C28FACFE9D520D11CA2CBB /* Products */ = {
			isa = PBXGroup;
			children = (
				1D6058910D05DD3D006BFB54 /* cfdk.app */,
			);
			name = Products;
			sourceTree = "<group>";
		};
		29B97314FDCFA39411CA2CEA /* CustomTemplate */ = {
			isa = PBXGroup;
			children = (
				EB87FDF41871DAF40020F90C /* config.xml */,
				EB87FDF31871DA8E0020F90C /* www */,
				EB87FDF11871DA420020F90C /* Staging */,
				301BF52D109A57CC0062928A /* CordovaLib.xcodeproj */,
				080E96DDFE201D6D7F000001 /* Classes */,
				307C750510C5A3420062BCA9 /* Plugins */,
				29B97315FDCFA39411CA2CEA /* Other Sources */,
				29B97317FDCFA39411CA2CEA /* Resources */,
				29B97323FDCFA39411CA2CEA /* Frameworks */,
				19C28FACFE9D520D11CA2CBB /* Products */,
			);
			name = CustomTemplate;
			sourceTree = "<group>";
		};
		29B97315FDCFA39411CA2CEA /* Other Sources */ = {
			isa = PBXGroup;
			children = (
				32CA4F630368D1EE00C91783 /* cfdk-Prefix.pch */,
				29B97316FDCFA39411CA2CEA /* main.m */,
				ED33DF2A687741AEAF9F8254 /* Bridging-Header.h */,
			);
			name = "Other Sources";
			path = "cfdk";
			sourceTree = "<group>";
		};
		29B97317FDCFA39411CA2CEA /* Resources */ = {
			isa = PBXGroup;
			children = (
				0207DA571B56EA530066E2B4 /* Images.xcassets */,
				3047A50E1AB8057F00498E2A /* config */,
				8D1107310486CEB800E47090 /* cfdk-Info.plist */,
				F50EFBB0D00347DA83563028 /* PushConfig.plist */,
				8933CD31B707479D9CD5EDAE /* RCConfig.plist */,
			);
			name = Resources;
			path = "cfdk/Resources";
			sourceTree = "<group>";
		};
		29B97323FDCFA39411CA2CEA /* Frameworks */ = {
			isa = PBXGroup;
			children = (
				649B0DEA71EF47188B954210 /* jpush-ios-2.1.9.a */,
				1DABCA905ED04891B6EF0F81 /* CFNetwork.framework */,
				9E1C1277EC6148DC88B41061 /* CoreFoundation.framework */,
				ECFE5B3FF7104FE39D326683 /* CoreTelephony.framework */,
				B0737C8CE187424A86939212 /* SystemConfiguration.framework */,
				403736A054A24D7CB72EE83A /* Foundation.framework */,
				5C821F14455949FA9F5EE4C8 /* UIKit.framework */,
				B9B1290E44C142D0A1A30E3E /* Security.framework */,
				EBA9762163DF49D98D3E66C7 /* libz.tbd */,
				380F752179BB46D8821FA906 /* AdSupport.framework */,
				EF4795A6424042219F3B1FC6 /* UserNotifications.framework */,
				631E1B9F37204381B1C821F1 /* libopencore-amrnb.a */,
				6354F63097FD46B1BFE8C93F /* RongIMLib.framework */,
				90BFDBB0346E412DB0A7CA9A /* ImageIO.framework */,
				F0BE8B7539A54CA1923A53F1 /* MapKit.framework */,
				6D2DDD8D7B344B16BCDA4742 /* CoreLocation.framework */,
				9638E79A7D5C43D6B8517A33 /* QuartzCore.framework */,
				E847F8A3575845479ED0BBA2 /* OpenGLES.framework */,
				A424933F79DC4BB7899461B0 /* CoreVideo.framework */,
				F891DB58D8E24E69A7DD1FE4 /* CoreMedia.framework */,
				D65BBA8587944030830B7109 /* CoreAudio.framework */,
				653708965D0E4D0F8B0669DF /* AudioToolbox.framework */,
				73A0DBF26A2C4EC294A6154E /* AVFoundation.framework */,
				8C33E1452DA84C95A40C7A10 /* libxml2.dylib */,
				0062254F1659461B9D15FF72 /* libz.dylib */,
				ABDEB9AA58364A058BFD0DCA /* libstdc++.dylib */,
				0DDC66BABFB44C61AF879346 /* libsqlite3.dylib */,
				A0A9F3475EB24205B958AE5B /* libc++.dylib */,
				0CB260FAAE964AC4A4754986 /* libc++abi.dylib */,
			);
			name = Frameworks;
			sourceTree = "<group>";
		};
		301BF52E109A57CC0062928A /* Products */ = {
			isa = PBXGroup;
			children = (
				301BF535109A57CC0062928A /* libCordova.a */,
			);
			name = Products;
			sourceTree = "<group>";
		};
		3047A50E1AB8057F00498E2A /* config */ = {
			isa = PBXGroup;
			children = (
				3047A50F1AB8059700498E2A /* build-debug.xcconfig */,
				3047A5101AB8059700498E2A /* build-release.xcconfig */,
				3047A5111AB8059700498E2A /* build.xcconfig */,
			);
			name = config;
			sourceTree = "<group>";
		};
		307C750510C5A3420062BCA9 /* Plugins */ = {
			isa = PBXGroup;
			children = (
				5769CC6B405A47AC88E3E1F2 /* CDVLogger.m */,
				8FD3B86456DB42B9BB54ACB5 /* CDVLogger.h */,
				3BC5CB766DB04AEF8602E08B /* CDVDevice.m */,
				994B004B47E64AED95965778 /* CDVDevice.h */,
				D62C4297230046B19D3E23D5 /* CDVSplashScreen.m */,
				25786CA5EEE440069D3ECF53 /* CDVViewController+SplashScreen.m */,
				860E1C48CF6E4A1E8AF81F3F /* CDVSplashScreen.h */,
				3C323EB666C348C4B02305B9 /* CDVViewController+SplashScreen.h */,
				14CC6B275B2E4858B9162900 /* CDVStatusBar.m */,
				64F4A4E7D08545C387DBA4CC /* CDVStatusBar.h */,
				554D51737A79474D9D0E97A6 /* IonicKeyboard.m */,
				71B01E448EA04519ABECF103 /* IonicKeyboard.h */,
				844332D5E830484DBD98DB78 /* JPushPlugin.m */,
				6DEF16F868034B6DB4A08B1E /* AppDelegate+JPush.m */,
				3EC9B0C033CF42A7AF711B8E /* JPushPlugin.h */,
				D2E24AC8FEED405681F95174 /* JPUSHService.h */,
				88DD63E9583540B6A3B9CCF6 /* AppDelegate+JPush.h */,
				8539D5DFEFAA403E87EFABA2 /* RongCloudAppEventReceiver.m */,
				4E30859775464B2FB6736C06 /* RongCloudApplicationHandler.m */,
				A93C0E4EC8AD4AB8A90F5932 /* RongCloudHybridAdapter.m */,
				46037D7360B2443688F3857E /* RongCloudLibPlugin.m */,
				88FB4D60677B4C0C8227DB1D /* RongCloudModel.m */,
				00AECFC9A26C477FB89DEB2F /* RongCloudAppEventReceiver.h */,
				E65163CC15E64F84960ECAC6 /* RongCloudApplicationHandler.h */,
				64757886B0524103B1D16FFD /* RongCloudHybridAdapter.h */,
				46F27030DF7549669CA91DF2 /* RongCloudConstant.h */,
				0187B5F578F24A60A57357F7 /* RongCloudLibPlugin.h */,
				B30FF5C3840641198C90EC8D /* RongCloudModel.h */,
			);
			name = Plugins;
			path = "cfdk/Plugins";
			sourceTree = SOURCE_ROOT;
		};
		EB87FDF11871DA420020F90C /* Staging */ = {
			isa = PBXGroup;
			children = (
				F840E1F0165FE0F500CFE078 /* config.xml */,
				301BF56E109A69640062928A /* www */,
			);
			name = Staging;
			sourceTree = "<group>";
		};
/* End PBXGroup section */

/* Begin PBXNativeTarget section */
		1D6058900D05DD3D006BFB54 /* cfdk */ = {
			isa = PBXNativeTarget;
			buildConfigurationList = 1D6058960D05DD3E006BFB54 /* Build configuration list for PBXNativeTarget "cfdk" */;
			buildPhases = (
				304B58A110DAC018002A0835 /* Copy www directory */,
				1D60588D0D05DD3D006BFB54 /* Resources */,
				1D60588E0D05DD3D006BFB54 /* Sources */,
				1D60588F0D05DD3D006BFB54 /* Frameworks */,
			);
			buildRules = (
			);
			dependencies = (
				301BF551109A68C00062928A /* PBXTargetDependency */,
			);
			name = "cfdk";
			productName = "cfdk";
			productReference = 1D6058910D05DD3D006BFB54 /* cfdk.app */;
			productType = "com.apple.product-type.application";
		};
/* End PBXNativeTarget section */

/* Begin PBXProject section */
		29B97313FDCFA39411CA2CEA /* Project object */ = {
			isa = PBXProject;
			attributes = {
				LastUpgradeCheck = 510;
			};
			buildConfigurationList = C01FCF4E08A954540054247B /* Build configuration list for PBXProject "__NON-CLI__" */;
			compatibilityVersion = "Xcode 3.2";
			developmentRegion = English;
			hasScannedForEncodings = 1;
			mainGroup = 29B97314FDCFA39411CA2CEA /* CustomTemplate */;
			projectDirPath = "";
			projectReferences = (
				{
					ProductGroup = 301BF52E109A57CC0062928A /* Products */;
					ProjectRef = 301BF52D109A57CC0062928A /* CordovaLib.xcodeproj */;
				},
			);
			projectRoot = "";
			targets = (
				1D6058900D05DD3D006BFB54 /* cfdk */,
			);
		};
/* End PBXProject section */

/* Begin PBXReferenceProxy section */
		301BF535109A57CC0062928A /* libCordova.a */ = {
			isa = PBXReferenceProxy;
			fileType = archive.ar;
			path = libCordova.a;
			remoteRef = 301BF534109A57CC0062928A /* PBXContainerItemProxy */;
			sourceTree = BUILT_PRODUCTS_DIR;
		};
/* End PBXReferenceProxy section */

/* Begin PBXResourcesBuildPhase section */
		1D60588D0D05DD3D006BFB54 /* Resources */ = {
			isa = PBXResourcesBuildPhase;
			buildActionMask = 2147483647;
			files = (
				302D95F214D2391D003F00A1 /* MainViewController.xib in Resources */,
				3047A5131AB8059700498E2A /* build-release.xcconfig in Resources */,
				3047A5141AB8059700498E2A /* build.xcconfig in Resources */,
				0207DA581B56EA530066E2B4 /* Images.xcassets in Resources */,
				3047A5121AB8059700498E2A /* build-debug.xcconfig in Resources */,
				2504CA5BB40F43FDBCB742A9 /* PushConfig.plist in Resources */,
				672CDD6D2F6744659289912A /* RCConfig.plist in Resources */,
			);
			runOnlyForDeploymentPostprocessing = 0;
		};
/* End PBXResourcesBuildPhase section */

/* Begin PBXShellScriptBuildPhase section */
		304B58A110DAC018002A0835 /* Copy www directory */ = {
			isa = PBXShellScriptBuildPhase;
			buildActionMask = 2147483647;
			files = (
			);
			inputPaths = (
			);
			name = "Copy www directory";
			outputPaths = (
			);
			runOnlyForDeploymentPostprocessing = 0;
			shellPath = /bin/sh;
			shellScript = "NODEJS_PATH=/usr/local/bin; NVM_NODE_PATH=~/.nvm/versions/node/`nvm version 2>/dev/null`/bin; N_NODE_PATH=`find /usr/local/n/versions/node/* -maxdepth 0 -type d 2>/dev/null | tail -1`/bin; XCODE_NODE_PATH=`xcode-select --print-path`/usr/share/xcs/Node/bin; PATH=$NODEJS_PATH:$NVM_NODE_PATH:$N_NODE_PATH:$XCODE_NODE_PATH:$PATH && node cordova/lib/copy-www-build-step.js";
			showEnvVarsInLog = 0;
		};
/* End PBXShellScriptBuildPhase section */

/* Begin PBXSourcesBuildPhase section */
		1D60588E0D05DD3D006BFB54 /* Sources */ = {
			isa = PBXSourcesBuildPhase;
			buildActionMask = 2147483647;
			files = (
				1D60589B0D05DD56006BFB54 /* main.m in Sources */,
				1D3623260D0F684500981E51 /* AppDelegate.m in Sources */,
				302D95F114D2391D003F00A1 /* MainViewController.m in Sources */,
				6211F4152D57458B875FFA8F /* CDVLogger.m in Sources */,
				98E5E296260A48E193FF32B0 /* CDVDevice.m in Sources */,
				62D6C694C95C4409BFE7947F /* CDVSplashScreen.m in Sources */,
				F389925FE6FC474E81A34FDD /* CDVViewController+SplashScreen.m in Sources */,
				E8816824AD684D9981C93E56 /* CDVStatusBar.m in Sources */,
				D7B60201B1B04EC5A7087FA5 /* IonicKeyboard.m in Sources */,
				2328D672B3BE4E4D8200E5F8 /* JPushPlugin.m in Sources */,
				03707A5C50E5435ABFBB2E5B /* AppDelegate+JPush.m in Sources */,
				CCBD16F965E64E5D83E47839 /* RongCloudAppEventReceiver.m in Sources */,
				7697733CDB0B44969F6161A9 /* RongCloudApplicationHandler.m in Sources */,
				235524670C3C48D7BAFF2E3B /* RongCloudHybridAdapter.m in Sources */,
				E9C4F23614C24B39A471A3F5 /* RongCloudLibPlugin.m in Sources */,
				280EABFA9BC04577B2599B59 /* RongCloudModel.m in Sources */,
			);
			runOnlyForDeploymentPostprocessing = 0;
		};
/* End PBXSourcesBuildPhase section */

/* Begin PBXTargetDependency section */
		301BF551109A68C00062928A /* PBXTargetDependency */ = {
			isa = PBXTargetDependency;
			name = CordovaLib;
			targetProxy = 301BF550109A68C00062928A /* PBXContainerItemProxy */;
		};
/* End PBXTargetDependency section */

/* Begin XCBuildConfiguration section */
		1D6058940D05DD3E006BFB54 /* Debug */ = {
			isa = XCBuildConfiguration;
			baseConfigurationReference = 3047A50F1AB8059700498E2A /* build-debug.xcconfig */;
			buildSettings = {
				ALWAYS_SEARCH_USER_PATHS = NO;
				ASSETCATALOG_COMPILER_APPICON_NAME = AppIcon;
				ASSETCATALOG_COMPILER_LAUNCHIMAGE_NAME = LaunchImage;
				CLANG_ENABLE_MODULES = YES;
				CLANG_ENABLE_OBJC_ARC = YES;
				COPY_PHASE_STRIP = NO;
				GCC_DYNAMIC_NO_PIC = NO;
				GCC_OPTIMIZATION_LEVEL = 0;
				GCC_PRECOMPILE_PREFIX_HEADER = YES;
				GCC_PREFIX_HEADER = "cfdk/cfdk-Prefix.pch";
				GCC_THUMB_SUPPORT = NO;
				GCC_VERSION = "";
				INFOPLIST_FILE = "cfdk/cfdk-Info.plist";
				LD_RUNPATH_SEARCH_PATHS = "@executable_path/Frameworks";
				PRODUCT_NAME = "cfdk";
				LIBRARY_SEARCH_PATHS = (
					"$(inherited)",
					"\"$(SRCROOT)/cfdk/Plugins/jpush-phonegap-plugin\"",
					"\"$(SRCROOT)/cfdk/Plugins/io.rong.imlib\"",
				);
				FRAMEWORK_SEARCH_PATHS = (
					"$(inherited)",
					"\"cfdk/Plugins/io.rong.imlib\"",
				);
			};
			name = Debug;
		};
		1D6058950D05DD3E006BFB54 /* Release */ = {
			isa = XCBuildConfiguration;
			baseConfigurationReference = 3047A5101AB8059700498E2A /* build-release.xcconfig */;
			buildSettings = {
				ALWAYS_SEARCH_USER_PATHS = NO;
				ASSETCATALOG_COMPILER_APPICON_NAME = AppIcon;
				ASSETCATALOG_COMPILER_LAUNCHIMAGE_NAME = LaunchImage;
				CLANG_ENABLE_MODULES = YES;
				CLANG_ENABLE_OBJC_ARC = YES;
				COPY_PHASE_STRIP = YES;
				GCC_PRECOMPILE_PREFIX_HEADER = YES;
				GCC_PREFIX_HEADER = "cfdk/cfdk-Prefix.pch";
				GCC_THUMB_SUPPORT = NO;
				GCC_VERSION = "";
				INFOPLIST_FILE = "cfdk/cfdk-Info.plist";
				PRODUCT_NAME = "cfdk";
				LIBRARY_SEARCH_PATHS = (
					"$(inherited)",
					"\"$(SRCROOT)/cfdk/Plugins/jpush-phonegap-plugin\"",
					"\"$(SRCROOT)/cfdk/Plugins/io.rong.imlib\"",
				);
				FRAMEWORK_SEARCH_PATHS = (
					"$(inherited)",
					"\"cfdk/Plugins/io.rong.imlib\"",
				);
			};
			name = Release;
		};
		C01FCF4F08A954540054247B /* Debug */ = {
			isa = XCBuildConfiguration;
			baseConfigurationReference = 3047A5111AB8059700498E2A /* build.xcconfig */;
			buildSettings = {
				CLANG_ENABLE_MODULES = YES;
				CLANG_ENABLE_OBJC_ARC = YES;
				CLANG_WARN_BOOL_CONVERSION = YES;
				CLANG_WARN_CONSTANT_CONVERSION = YES;
				CLANG_WARN_EMPTY_BODY = YES;
				CLANG_WARN_ENUM_CONVERSION = YES;
				CLANG_WARN_INT_CONVERSION = YES;
				CLANG_WARN__DUPLICATE_METHOD_MATCH = YES;
				GCC_C_LANGUAGE_STANDARD = c99;
				GCC_THUMB_SUPPORT = NO;
				GCC_VERSION = "";
				GCC_WARN_ABOUT_RETURN_TYPE = YES;
				GCC_WARN_UNDECLARED_SELECTOR = YES;
				GCC_WARN_UNINITIALIZED_AUTOS = YES;
				GCC_WARN_UNUSED_FUNCTION = YES;
				GCC_WARN_UNUSED_VARIABLE = YES;
				ONLY_ACTIVE_ARCH = YES;
				SDKROOT = iphoneos;
				SKIP_INSTALL = NO;
				PRODUCT_NAME = "cfdk";
				LIBRARY_SEARCH_PATHS = (
					"$(inherited)",
					"\"$(SRCROOT)/cfdk/Plugins/jpush-phonegap-plugin\"",
					"\"$(SRCROOT)/cfdk/Plugins/io.rong.imlib\"",
				);
				FRAMEWORK_SEARCH_PATHS = (
					"$(inherited)",
					"\"cfdk/Plugins/io.rong.imlib\"",
				);
			};
			name = Debug;
		};
		C01FCF5008A954540054247B /* Release */ = {
			isa = XCBuildConfiguration;
			baseConfigurationReference = 3047A5111AB8059700498E2A /* build.xcconfig */;
			buildSettings = {
				CLANG_ENABLE_MODULES = YES;
				CLANG_ENABLE_OBJC_ARC = YES;
				CLANG_WARN_BOOL_CONVERSION = YES;
				CLANG_WARN_CONSTANT_CONVERSION = YES;
				CLANG_WARN_EMPTY_BODY = YES;
				CLANG_WARN_ENUM_CONVERSION = YES;
				CLANG_WARN_INT_CONVERSION = YES;
				CLANG_WARN__DUPLICATE_METHOD_MATCH = YES;
				GCC_C_LANGUAGE_STANDARD = c99;
				GCC_THUMB_SUPPORT = NO;
				GCC_VERSION = "";
				GCC_WARN_ABOUT_RETURN_TYPE = YES;
				GCC_WARN_UNDECLARED_SELECTOR = YES;
				GCC_WARN_UNINITIALIZED_AUTOS = YES;
				GCC_WARN_UNUSED_FUNCTION = YES;
				GCC_WARN_UNUSED_VARIABLE = YES;
				SDKROOT = iphoneos;
				SKIP_INSTALL = NO;
				PRODUCT_NAME = "cfdk";
				LIBRARY_SEARCH_PATHS = (
					"$(inherited)",
					"\"$(SRCROOT)/cfdk/Plugins/jpush-phonegap-plugin\"",
					"\"$(SRCROOT)/cfdk/Plugins/io.rong.imlib\"",
				);
				FRAMEWORK_SEARCH_PATHS = (
					"$(inherited)",
					"\"cfdk/Plugins/io.rong.imlib\"",
				);
			};
			name = Release;
		};
/* End XCBuildConfiguration section */

/* Begin XCConfigurationList section */
		1D6058960D05DD3E006BFB54 /* Build configuration list for PBXNativeTarget "cfdk" */ = {
			isa = XCConfigurationList;
			buildConfigurations = (
				1D6058940D05DD3E006BFB54 /* Debug */,
				1D6058950D05DD3E006BFB54 /* Release */,
			);
			defaultConfigurationIsVisible = 0;
			defaultConfigurationName = Release;
		};
		C01FCF4E08A954540054247B /* Build configuration list for PBXProject "__NON-CLI__" */ = {
			isa = XCConfigurationList;
			buildConfigurations = (
				C01FCF4F08A954540054247B /* Debug */,
				C01FCF5008A954540054247B /* Release */,
			);
			defaultConfigurationIsVisible = 0;
			defaultConfigurationName = Release;
		};
/* End XCConfigurationList section */
	};
	rootObject = 29B97313FDCFA39411CA2CEA /* Project object */;
}
